// !$*UTF8*$!
{
	archiveVersion = 1;
	classes = {
	};
	objectVersion = 46;
	objects = {

/* Begin PBXBuildFile section */
		2E8603CE1500723C00D37407 /* UIKit.framework in Frameworks */ = {isa = PBXBuildFile; fileRef = 2E8603CD1500723C00D37407 /* UIKit.framework */; };
		2E8603D01500723C00D37407 /* Foundation.framework in Frameworks */ = {isa = PBXBuildFile; fileRef = 2E8603CF1500723C00D37407 /* Foundation.framework */; };
		2E8603D21500723C00D37407 /* CoreGraphics.framework in Frameworks */ = {isa = PBXBuildFile; fileRef = 2E8603D11500723C00D37407 /* CoreGraphics.framework */; };
		2E8603D81500723C00D37407 /* InfoPlist.strings in Resources */ = {isa = PBXBuildFile; fileRef = 2E8603D61500723C00D37407 /* InfoPlist.strings */; };
		2E8603DA1500723C00D37407 /* main.m in Sources */ = {isa = PBXBuildFile; fileRef = 2E8603D91500723C00D37407 /* main.m */; };
		2E8603DE1500723C00D37407 /* CalculatorAppDelegate.m in Sources */ = {isa = PBXBuildFile; fileRef = 2E8603DD1500723C00D37407 /* CalculatorAppDelegate.m */; };
		2E8603E11500723C00D37407 /* MainStoryboard.storyboard in Resources */ = {isa = PBXBuildFile; fileRef = 2E8603DF1500723C00D37407 /* MainStoryboard.storyboard */; };
		2E8603E41500723C00D37407 /* CalculatorViewController.m in Sources */ = {isa = PBXBuildFile; fileRef = 2E8603E31500723C00D37407 /* CalculatorViewController.m */; };
		2E8603F0150176E900D37407 /* CalculatorBrain.m in Sources */ = {isa = PBXBuildFile; fileRef = 2E8603EF150176E900D37407 /* CalculatorBrain.m */; };
		2EA2C02115069A5200C60E38 /* Assignment 1.pdf in Resources */ = {isa = PBXBuildFile; fileRef = 2EA2C02015069A5200C60E38 /* Assignment 1.pdf */; };
/* End PBXBuildFile section */

/* Begin PBXFileReference section */
		2E8603C91500723C00D37407 /* Stanford1.app */ = {isa = PBXFileReference; explicitFileType = wrapper.application; includeInIndex = 0; path = Stanford1.app; sourceTree = BUILT_PRODUCTS_DIR; };
		2E8603CD1500723C00D37407 /* UIKit.framework */ = {isa = PBXFileReference; lastKnownFileType = wrapper.framework; name = UIKit.framework; path = System/Library/Frameworks/UIKit.framework; sourceTree = SDKROOT; };
		2E8603CF1500723C00D37407 /* Foundation.framework */ = {isa = PBXFileReference; lastKnownFileType = wrapper.framework; name = Foundation.framework; path = System/Library/Frameworks/Foundation.framework; sourceTree = SDKROOT; };
		2E8603D11500723C00D37407 /* CoreGraphics.framework */ = {isa = PBXFileReference; lastKnownFileType = wrapper.framework; name = CoreGraphics.framework; path = System/Library/Frameworks/CoreGraphics.framework; sourceTree = SDKROOT; };
		2E8603D51500723C00D37407 /* Stanford1-Info.plist */ = {isa = PBXFileReference; lastKnownFileType = text.plist.xml; path = "Stanford1-Info.plist"; sourceTree = "<group>"; };
		2E8603D71500723C00D37407 /* en */ = {isa = PBXFileReference; lastKnownFileType = text.plist.strings; name = en; path = en.lproj/InfoPlist.strings; sourceTree = "<group>"; };
		2E8603D91500723C00D37407 /* main.m */ = {isa = PBXFileReference; lastKnownFileType = sourcecode.c.objc; path = main.m; sourceTree = "<group>"; };
		2E8603DB1500723C00D37407 /* Stanford1-Prefix.pch */ = {isa = PBXFileReference; lastKnownFileType = sourcecode.c.h; path = "Stanford1-Prefix.pch"; sourceTree = "<group>"; };
		2E8603DC1500723C00D37407 /* CalculatorAppDelegate.h */ = {isa = PBXFileReference; lastKnownFileType = sourcecode.c.h; path = CalculatorAppDelegate.h; sourceTree = "<group>"; };
		2E8603DD1500723C00D37407 /* CalculatorAppDelegate.m */ = {isa = PBXFileReference; lastKnownFileType = sourcecode.c.objc; path = CalculatorAppDelegate.m; sourceTree = "<group>"; };
		2E8603E01500723C00D37407 /* en */ = {isa = PBXFileReference; lastKnownFileType = file.storyboard; name = en; path = en.lproj/MainStoryboard.storyboard; sourceTree = "<group>"; };
		2E8603E21500723C00D37407 /* CalculatorViewController.h */ = {isa = PBXFileReference; lastKnownFileType = sourcecode.c.h; path = CalculatorViewController.h; sourceTree = "<group>"; };
		2E8603E31500723C00D37407 /* CalculatorViewController.m */ = {isa = PBXFileReference; lastKnownFileType = sourcecode.c.objc; path = CalculatorViewController.m; sourceTree = "<group>"; };
		2E8603EE150176E900D37407 /* CalculatorBrain.h */ = {isa = PBXFileReference; fileEncoding = 4; lastKnownFileType = sourcecode.c.h; path = CalculatorBrain.h; sourceTree = "<group>"; };
		2E8603EF150176E900D37407 /* CalculatorBrain.m */ = {isa = PBXFileReference; fileEncoding = 4; lastKnownFileType = sourcecode.c.objc; path = CalculatorBrain.m; sourceTree = "<group>"; };
		2EA2C02015069A5200C60E38 /* Assignment 1.pdf */ = {isa = PBXFileReference; lastKnownFileType = image.pdf; path = "Assignment 1.pdf"; sourceTree = "<group>"; };
/* End PBXFileReference section */

/* Begin PBXFrameworksBuildPhase section */
		2E8603C61500723C00D37407 /* Frameworks */ = {
			isa = PBXFrameworksBuildPhase;
			buildActionMask = 2147483647;
			files = (
				2E8603CE1500723C00D37407 /* UIKit.framework in Frameworks */,
				2E8603D01500723C00D37407 /* Foundation.framework in Frameworks */,
				2E8603D21500723C00D37407 /* CoreGraphics.framework in Frameworks */,
			);
			runOnlyForDeploymentPostprocessing = 0;
		};
/* End PBXFrameworksBuildPhase section */

/* Begin PBXGroup section */
		2E8603BE1500723C00D37407 = {
			isa = PBXGroup;
			children = (
				2E8603D31500723C00D37407 /* Stanford1 */,
				2E8603CC1500723C00D37407 /* Frameworks */,
				2E8603CA1500723C00D37407 /* Products */,
			);
			sourceTree = "<group>";
		};
		2E8603CA1500723C00D37407 /* Products */ = {
			isa = PBXGroup;
			children = (
				2E8603C91500723C00D37407 /* Stanford1.app */,
			);
			name = Products;
			sourceTree = "<group>";
		};
		2E8603CC1500723C00D37407 /* Frameworks */ = {
			isa = PBXGroup;
			children = (
				2E8603CD1500723C00D37407 /* UIKit.framework */,
				2E8603CF1500723C00D37407 /* Foundation.framework */,
				2E8603D11500723C00D37407 /* CoreGraphics.framework */,
			);
			name = Frameworks;
			sourceTree = "<group>";
		};
		2E8603D31500723C00D37407 /* Stanford1 */ = {
			isa = PBXGroup;
			children = (
				2E8603DC1500723C00D37407 /* CalculatorAppDelegate.h */,
				2E8603DD1500723C00D37407 /* CalculatorAppDelegate.m */,
				2E8603DF1500723C00D37407 /* MainStoryboard.storyboard */,
				2E8603EE150176E900D37407 /* CalculatorBrain.h */,
				2E8603EF150176E900D37407 /* CalculatorBrain.m */,
				2E8603E21500723C00D37407 /* CalculatorViewController.h */,
				2E8603E31500723C00D37407 /* CalculatorViewController.m */,
				2E8603D41500723C00D37407 /* Supporting Files */,
			);
			path = Stanford1;
			sourceTree = "<group>";
		};
		2E8603D41500723C00D37407 /* Supporting Files */ = {
			isa = PBXGroup;
			children = (
				2EA2C02015069A5200C60E38 /* Assignment 1.pdf */,
				2E8603D51500723C00D37407 /* Stanford1-Info.plist */,
				2E8603D61500723C00D37407 /* InfoPlist.strings */,
				2E8603D91500723C00D37407 /* main.m */,
				2E8603DB1500723C00D37407 /* Stanford1-Prefix.pch */,
			);
			name = "Supporting Files";
			sourceTree = "<group>";
		};
/* End PBXGroup section */

/* Begin PBXNativeTarget section */
		2E8603C81500723C00D37407 /* Stanford1 */ = {
			isa = PBXNativeTarget;
			buildConfigurationList = 2E8603E71500723C00D37407 /* Build configuration list for PBXNativeTarget "Stanford1" */;
			buildPhases = (
				2E8603C51500723C00D37407 /* Sources */,
				2E8603C61500723C00D37407 /* Frameworks */,
				2E8603C71500723C00D37407 /* Resources */,
			);
			buildRules = (
			);
			dependencies = (
			);
			name = Stanford1;
			productName = Stanford1;
			productReference = 2E8603C91500723C00D37407 /* Stanford1.app */;
			productType = "com.apple.product-type.application";
		};
/* End PBXNativeTarget section */

/* Begin PBXProject section */
		2E8603C01500723C00D37407 /* Project object */ = {
			isa = PBXProject;
			attributes = {
				LastUpgradeCheck = 0420;
				ORGANIZATIONNAME = "Firefly Logic";
			};
			buildConfigurationList = 2E8603C31500723C00D37407 /* Build configuration list for PBXProject "Stanford1" */;
			compatibilityVersion = "Xcode 3.2";
			developmentRegion = English;
			hasScannedForEncodings = 0;
			knownRegions = (
				en,
			);
			mainGroup = 2E8603BE1500723C00D37407;
			productRefGroup = 2E8603CA1500723C00D37407 /* Products */;
			projectDirPath = "";
			projectRoot = "";
			targets = (
				2E8603C81500723C00D37407 /* Stanford1 */,
			);
		};
/* End PBXProject section */

/* Begin PBXResourcesBuildPhase section */
		2E8603C71500723C00D37407 /* Resources */ = {
			isa = PBXResourcesBuildPhase;
			buildActionMask = 2147483647;
			files = (
				2E8603D81500723C00D37407 /* InfoPlist.strings in Resources */,
				2E8603E11500723C00D37407 /* MainStoryboard.storyboard in Resources */,
				2EA2C02115069A5200C60E38 /* Assignment 1.pdf in Resources */,
			);
			runOnlyForDeploymentPostprocessing = 0;
		};
/* End PBXResourcesBuildPhase section */

/* Begin PBXSourcesBuildPhase section */
		2E8603C51500723C00D37407 /* Sources */ = {
			isa = PBXSourcesBuildPhase;
			buildActionMask = 2147483647;
			files = (
				2E8603DA1500723C00D37407 /* main.m in Sources */,
				2E8603DE1500723C00D37407 /* CalculatorAppDelegate.m in Sources */,
				2E8603E41500723C00D37407 /* CalculatorViewController.m in Sources */,
				2E8603F0150176E900D37407 /* CalculatorBrain.m in Sources */,
			);
			runOnlyForDeploymentPostprocessing = 0;
		};
/* End PBXSourcesBuildPhase section */

/* Begin PBXVariantGroup section */
		2E8603D61500723C00D37407 /* InfoPlist.strings */ = {
			isa = PBXVariantGroup;
			children = (
				2E8603D71500723C00D37407 /* en */,
			);
			name = InfoPlist.strings;
			sourceTree = "<group>";
		};
		2E8603DF1500723C00D37407 /* MainStoryboard.storyboard */ = {
			isa = PBXVariantGroup;
			children = (
				2E8603E01500723C00D37407 /* en */,
			);
			name = MainStoryboard.storyboard;
			sourceTree = "<group>";
		};
/* End PBXVariantGroup section */

/* Begin XCBuildConfiguration section */
		2E8603E51500723C00D37407 /* Debug */ = {
			isa = XCBuildConfiguration;
			buildSettings = {
				ALWAYS_SEARCH_USER_PATHS = NO;
				ARCHS = "$(ARCHS_STANDARD_32_BIT)";
				CLANG_ENABLE_OBJC_ARC = YES;
				"CODE_SIGN_IDENTITY[sdk=iphoneos*]" = "iPhone Developer";
				COPY_PHASE_STRIP = NO;
				GCC_C_LANGUAGE_STANDARD = gnu99;
				GCC_DYNAMIC_NO_PIC = NO;
				GCC_OPTIMIZATION_LEVEL = 0;
				GCC_PREPROCESSOR_DEFINITIONS = (
					"DEBUG=1",
					"$(inherited)",
				);
				GCC_SYMBOLS_PRIVATE_EXTERN = NO;
				GCC_VERSION = com.apple.compilers.llvm.clang.1_0;
				GCC_WARN_ABOUT_MISSING_PROTOTYPES = YES;
				GCC_WARN_ABOUT_RETURN_TYPE = YES;
				GCC_WARN_UNUSED_VARIABLE = YES;
				IPHONEOS_DEPLOYMENT_TARGET = 5.0;
				SDKROOT = iphoneos;
			};
			name = Debug;
		};
		2E8603E61500723C00D37407 /* Release */ = {
			isa = XCBuildConfiguration;
			buildSettings = {
				ALWAYS_SEARCH_USER_PATHS = NO;
				ARCHS = "$(ARCHS_STANDARD_32_BIT)";
				CLANG_ENABLE_OBJC_ARC = YES;
				"CODE_SIGN_IDENTITY[sdk=iphoneos*]" = "iPhone Developer";
				COPY_PHASE_STRIP = YES;
				GCC_C_LANGUAGE_STANDARD = gnu99;
				GCC_VERSION = com.apple.compilers.llvm.clang.1_0;
				GCC_WARN_ABOUT_MISSING_PROTOTYPES = YES;
				GCC_WARN_ABOUT_RETURN_TYPE = YES;
				GCC_WARN_UNUSED_VARIABLE = YES;
				IPHONEOS_DEPLOYMENT_TARGET = 5.0;
				OTHER_CFLAGS = "-DNS_BLOCK_ASSERTIONS=1";
				SDKROOT = iphoneos;
				VALIDATE_PRODUCT = YES;
			};
			name = Release;
		};
		2E8603E81500723C00D37407 /* Debug */ = {
			isa = XCBuildConfiguration;
			buildSettings = {
				GCC_PRECOMPILE_PREFIX_HEADER = YES;
				GCC_PREFIX_HEADER = "Stanford1/Stanford1-Prefix.pch";
				INFOPLIST_FILE = "Stanford1/Stanford1-Info.plist";
				PRODUCT_NAME = "$(TARGET_NAME)";
				WRAPPER_EXTENSION = app;
			};
			name = Debug;
		};
		2E8603E91500723C00D37407 /* Release */ = {
			isa = XCBuildConfiguration;
			buildSettings = {
				GCC_PRECOMPILE_PREFIX_HEADER = YES;
				GCC_PREFIX_HEADER = "Stanford1/Stanford1-Prefix.pch";
				INFOPLIST_FILE = "Stanford1/Stanford1-Info.plist";
				PRODUCT_NAME = "$(TARGET_NAME)";
				WRAPPER_EXTENSION = app;
			};
			name = Release;
		};
/* End XCBuildConfiguration section */

/* Begin XCConfigurationList section */
		2E8603C31500723C00D37407 /* Build configuration list for PBXProject "Stanford1" */ = {
			isa = XCConfigurationList;
			buildConfigurations = (
				2E8603E51500723C00D37407 /* Debug */,
				2E8603E61500723C00D37407 /* Release */,
			);
			defaultConfigurationIsVisible = 0;
			defaultConfigurationName = Release;
		};
		2E8603E71500723C00D37407 /* Build configuration list for PBXNativeTarget "Stanford1" */ = {
			isa = XCConfigurationList;
			buildConfigurations = (
				2E8603E81500723C00D37407 /* Debug */,
				2E8603E91500723C00D37407 /* Release */,
			);
			defaultConfigurationIsVisible = 0;
			defaultConfigurationName = Release;
		};
/* End XCConfigurationList section */
	};
	rootObject = 2E8603C01500723C00D37407 /* Project object */;
}
